// !$*UTF8*$!
{
	archiveVersion = 1;
	classes = {
	};
	objectVersion = 50;
	objects = {

/* Begin PBXBuildFile section */
		0F57C46D24877AC0008AE753 /* GameScene.swift in Sources */ = {isa = PBXBuildFile; fileRef = 0F57C46C24877AC0008AE753 /* GameScene.swift */; };
		0F57C46F24877AE6008AE753 /* ViewController.swift in Sources */ = {isa = PBXBuildFile; fileRef = 0F57C46E24877AE6008AE753 /* ViewController.swift */; };
		0F57C47124877AF8008AE753 /* GameScene.sks in Resources */ = {isa = PBXBuildFile; fileRef = 0F57C47024877AF8008AE753 /* GameScene.sks */; };
		0F57C47324877B07008AE753 /* Actions.sks in Resources */ = {isa = PBXBuildFile; fileRef = 0F57C47224877B07008AE753 /* Actions.sks */; };
		0F57C47524877B13008AE753 /* Main.storyboard in Resources */ = {isa = PBXBuildFile; fileRef = 0F57C47424877B13008AE753 /* Main.storyboard */; };
		0F57C47724877DC7008AE753 /* Personagem.swift in Sources */ = {isa = PBXBuildFile; fileRef = 0F57C47624877DC7008AE753 /* Personagem.swift */; };
		0F57C47924877DF0008AE753 /* Obstaculos.swift in Sources */ = {isa = PBXBuildFile; fileRef = 0F57C47824877DF0008AE753 /* Obstaculos.swift */; };
		0F57C47B24877E0C008AE753 /* GameData.swift in Sources */ = {isa = PBXBuildFile; fileRef = 0F57C47A24877E0C008AE753 /* GameData.swift */; };
		0F57C47D24877E21008AE753 /* Cenario.swift in Sources */ = {isa = PBXBuildFile; fileRef = 0F57C47C24877E21008AE753 /* Cenario.swift */; };
		57E40A1E24867D7100FDB2D4 /* AppDelegate.swift in Sources */ = {isa = PBXBuildFile; fileRef = 57E40A1D24867D7100FDB2D4 /* AppDelegate.swift */; };
		57E40A2824867D7300FDB2D4 /* Assets.xcassets in Resources */ = {isa = PBXBuildFile; fileRef = 57E40A2724867D7300FDB2D4 /* Assets.xcassets */; };
		57E40A3724867D7400FDB2D4 /* GameChallengeTests.swift in Sources */ = {isa = PBXBuildFile; fileRef = 57E40A3624867D7400FDB2D4 /* GameChallengeTests.swift */; };
		57E40A4224867D7400FDB2D4 /* GameChallengeUITests.swift in Sources */ = {isa = PBXBuildFile; fileRef = 57E40A4124867D7400FDB2D4 /* GameChallengeUITests.swift */; };
/* End PBXBuildFile section */

/* Begin PBXContainerItemProxy section */
		57E40A3324867D7400FDB2D4 /* PBXContainerItemProxy */ = {
			isa = PBXContainerItemProxy;
			containerPortal = 57E40A1224867D7100FDB2D4 /* Project object */;
			proxyType = 1;
			remoteGlobalIDString = 57E40A1924867D7100FDB2D4;
			remoteInfo = GameChallenge;
		};
		57E40A3E24867D7400FDB2D4 /* PBXContainerItemProxy */ = {
			isa = PBXContainerItemProxy;
			containerPortal = 57E40A1224867D7100FDB2D4 /* Project object */;
			proxyType = 1;
			remoteGlobalIDString = 57E40A1924867D7100FDB2D4;
			remoteInfo = GameChallenge;
		};
/* End PBXContainerItemProxy section */

/* Begin PBXFileReference section */
		0F57C46C24877AC0008AE753 /* GameScene.swift */ = {isa = PBXFileReference; fileEncoding = 4; lastKnownFileType = sourcecode.swift; path = GameScene.swift; sourceTree = "<group>"; };
		0F57C46E24877AE6008AE753 /* ViewController.swift */ = {isa = PBXFileReference; fileEncoding = 4; lastKnownFileType = sourcecode.swift; path = ViewController.swift; sourceTree = "<group>"; };
		0F57C47024877AF8008AE753 /* GameScene.sks */ = {isa = PBXFileReference; lastKnownFileType = file.sks; path = GameScene.sks; sourceTree = "<group>"; };
		0F57C47224877B07008AE753 /* Actions.sks */ = {isa = PBXFileReference; lastKnownFileType = file.sks; path = Actions.sks; sourceTree = "<group>"; };
		0F57C47424877B13008AE753 /* Main.storyboard */ = {isa = PBXFileReference; fileEncoding = 4; lastKnownFileType = file.storyboard; path = Main.storyboard; sourceTree = "<group>"; };
		0F57C47624877DC7008AE753 /* Personagem.swift */ = {isa = PBXFileReference; lastKnownFileType = sourcecode.swift; name = Personagem.swift; path = GameChallenge/View/Personagem.swift; sourceTree = SOURCE_ROOT; };
		0F57C47824877DF0008AE753 /* Obstaculos.swift */ = {isa = PBXFileReference; lastKnownFileType = sourcecode.swift; name = Obstaculos.swift; path = GameChallenge/View/Obstaculos.swift; sourceTree = SOURCE_ROOT; };
		0F57C47A24877E0C008AE753 /* GameData.swift */ = {isa = PBXFileReference; lastKnownFileType = sourcecode.swift; name = GameData.swift; path = GameChallenge/View/GameData.swift; sourceTree = SOURCE_ROOT; };
		0F57C47C24877E21008AE753 /* Cenario.swift */ = {isa = PBXFileReference; lastKnownFileType = sourcecode.swift; name = Cenario.swift; path = GameChallenge/View/Cenario.swift; sourceTree = SOURCE_ROOT; };
		57E40A1A24867D7100FDB2D4 /* GameChallenge.app */ = {isa = PBXFileReference; explicitFileType = wrapper.application; includeInIndex = 0; path = GameChallenge.app; sourceTree = BUILT_PRODUCTS_DIR; };
		57E40A1D24867D7100FDB2D4 /* AppDelegate.swift */ = {isa = PBXFileReference; lastKnownFileType = sourcecode.swift; path = AppDelegate.swift; sourceTree = "<group>"; };
		57E40A2724867D7300FDB2D4 /* Assets.xcassets */ = {isa = PBXFileReference; lastKnownFileType = folder.assetcatalog; path = Assets.xcassets; sourceTree = "<group>"; };
		57E40A2C24867D7400FDB2D4 /* Info.plist */ = {isa = PBXFileReference; lastKnownFileType = text.plist.xml; path = Info.plist; sourceTree = "<group>"; };
		57E40A2D24867D7400FDB2D4 /* GameChallenge.entitlements */ = {isa = PBXFileReference; lastKnownFileType = text.plist.entitlements; path = GameChallenge.entitlements; sourceTree = "<group>"; };
		57E40A3224867D7400FDB2D4 /* GameChallengeTests.xctest */ = {isa = PBXFileReference; explicitFileType = wrapper.cfbundle; includeInIndex = 0; path = GameChallengeTests.xctest; sourceTree = BUILT_PRODUCTS_DIR; };
		57E40A3624867D7400FDB2D4 /* GameChallengeTests.swift */ = {isa = PBXFileReference; lastKnownFileType = sourcecode.swift; path = GameChallengeTests.swift; sourceTree = "<group>"; };
		57E40A3824867D7400FDB2D4 /* Info.plist */ = {isa = PBXFileReference; lastKnownFileType = text.plist.xml; path = Info.plist; sourceTree = "<group>"; };
		57E40A3D24867D7400FDB2D4 /* GameChallengeUITests.xctest */ = {isa = PBXFileReference; explicitFileType = wrapper.cfbundle; includeInIndex = 0; path = GameChallengeUITests.xctest; sourceTree = BUILT_PRODUCTS_DIR; };
		57E40A4124867D7400FDB2D4 /* GameChallengeUITests.swift */ = {isa = PBXFileReference; lastKnownFileType = sourcecode.swift; path = GameChallengeUITests.swift; sourceTree = "<group>"; };
		57E40A4324867D7400FDB2D4 /* Info.plist */ = {isa = PBXFileReference; lastKnownFileType = text.plist.xml; path = Info.plist; sourceTree = "<group>"; };
/* End PBXFileReference section */

/* Begin PBXFrameworksBuildPhase section */
		57E40A1724867D7100FDB2D4 /* Frameworks */ = {
			isa = PBXFrameworksBuildPhase;
			buildActionMask = 2147483647;
			files = (
			);
			runOnlyForDeploymentPostprocessing = 0;
		};
		57E40A2F24867D7400FDB2D4 /* Frameworks */ = {
			isa = PBXFrameworksBuildPhase;
			buildActionMask = 2147483647;
			files = (
			);
			runOnlyForDeploymentPostprocessing = 0;
		};
		57E40A3A24867D7400FDB2D4 /* Frameworks */ = {
			isa = PBXFrameworksBuildPhase;
			buildActionMask = 2147483647;
			files = (
			);
			runOnlyForDeploymentPostprocessing = 0;
		};
/* End PBXFrameworksBuildPhase section */

/* Begin PBXGroup section */
		57E40A1124867D7100FDB2D4 = {
			isa = PBXGroup;
			children = (
				57E40A1C24867D7100FDB2D4 /* GameChallenge */,
				57E40A3524867D7400FDB2D4 /* GameChallengeTests */,
				57E40A4024867D7400FDB2D4 /* GameChallengeUITests */,
				57E40A1B24867D7100FDB2D4 /* Products */,
			);
			sourceTree = "<group>";
		};
		57E40A1B24867D7100FDB2D4 /* Products */ = {
			isa = PBXGroup;
			children = (
				57E40A1A24867D7100FDB2D4 /* GameChallenge.app */,
				57E40A3224867D7400FDB2D4 /* GameChallengeTests.xctest */,
				57E40A3D24867D7400FDB2D4 /* GameChallengeUITests.xctest */,
			);
			name = Products;
			sourceTree = "<group>";
		};
		57E40A1C24867D7100FDB2D4 /* GameChallenge */ = {
			isa = PBXGroup;
			children = (
				57E40A5124867EB800FDB2D4 /* Controller */,
				57E40A5024867EB400FDB2D4 /* View */,
				57E40A4F24867EAE00FDB2D4 /* Model */,
				57E40A1D24867D7100FDB2D4 /* AppDelegate.swift */,
				57E40A2724867D7300FDB2D4 /* Assets.xcassets */,
				57E40A2C24867D7400FDB2D4 /* Info.plist */,
				57E40A2D24867D7400FDB2D4 /* GameChallenge.entitlements */,
			);
			path = GameChallenge;
			sourceTree = "<group>";
		};
		57E40A3524867D7400FDB2D4 /* GameChallengeTests */ = {
			isa = PBXGroup;
			children = (
				57E40A3624867D7400FDB2D4 /* GameChallengeTests.swift */,
				57E40A3824867D7400FDB2D4 /* Info.plist */,
			);
			path = GameChallengeTests;
			sourceTree = "<group>";
		};
		57E40A4024867D7400FDB2D4 /* GameChallengeUITests */ = {
			isa = PBXGroup;
			children = (
				57E40A4124867D7400FDB2D4 /* GameChallengeUITests.swift */,
				57E40A4324867D7400FDB2D4 /* Info.plist */,
			);
			path = GameChallengeUITests;
			sourceTree = "<group>";
		};
		57E40A4F24867EAE00FDB2D4 /* Model */ = {
			isa = PBXGroup;
			children = (
				0F57C47624877DC7008AE753 /* Personagem.swift */,
				0F57C47824877DF0008AE753 /* Obstaculos.swift */,
				0F57C47A24877E0C008AE753 /* GameData.swift */,
				0F57C47C24877E21008AE753 /* Cenario.swift */,
			);
			path = Model;
			sourceTree = "<group>";
		};
		57E40A5024867EB400FDB2D4 /* View */ = {
			isa = PBXGroup;
			children = (
				0F57C47024877AF8008AE753 /* GameScene.sks */,
				0F57C47224877B07008AE753 /* Actions.sks */,
				0F57C47424877B13008AE753 /* Main.storyboard */,
			);
			path = View;
			sourceTree = "<group>";
		};
		57E40A5124867EB800FDB2D4 /* Controller */ = {
			isa = PBXGroup;
			children = (
				0F57C46E24877AE6008AE753 /* ViewController.swift */,
				0F57C46C24877AC0008AE753 /* GameScene.swift */,
			);
			path = Controller;
			sourceTree = "<group>";
		};
/* End PBXGroup section */

/* Begin PBXNativeTarget section */
		57E40A1924867D7100FDB2D4 /* GameChallenge */ = {
			isa = PBXNativeTarget;
			buildConfigurationList = 57E40A4624867D7400FDB2D4 /* Build configuration list for PBXNativeTarget "GameChallenge" */;
			buildPhases = (
				57E40A1624867D7100FDB2D4 /* Sources */,
				57E40A1724867D7100FDB2D4 /* Frameworks */,
				57E40A1824867D7100FDB2D4 /* Resources */,
			);
			buildRules = (
			);
			dependencies = (
			);
			name = GameChallenge;
			productName = GameChallenge;
			productReference = 57E40A1A24867D7100FDB2D4 /* GameChallenge.app */;
			productType = "com.apple.product-type.application";
		};
		57E40A3124867D7400FDB2D4 /* GameChallengeTests */ = {
			isa = PBXNativeTarget;
			buildConfigurationList = 57E40A4924867D7400FDB2D4 /* Build configuration list for PBXNativeTarget "GameChallengeTests" */;
			buildPhases = (
				57E40A2E24867D7400FDB2D4 /* Sources */,
				57E40A2F24867D7400FDB2D4 /* Frameworks */,
				57E40A3024867D7400FDB2D4 /* Resources */,
			);
			buildRules = (
			);
			dependencies = (
				57E40A3424867D7400FDB2D4 /* PBXTargetDependency */,
			);
			name = GameChallengeTests;
			productName = GameChallengeTests;
			productReference = 57E40A3224867D7400FDB2D4 /* GameChallengeTests.xctest */;
			productType = "com.apple.product-type.bundle.unit-test";
		};
		57E40A3C24867D7400FDB2D4 /* GameChallengeUITests */ = {
			isa = PBXNativeTarget;
			buildConfigurationList = 57E40A4C24867D7400FDB2D4 /* Build configuration list for PBXNativeTarget "GameChallengeUITests" */;
			buildPhases = (
				57E40A3924867D7400FDB2D4 /* Sources */,
				57E40A3A24867D7400FDB2D4 /* Frameworks */,
				57E40A3B24867D7400FDB2D4 /* Resources */,
			);
			buildRules = (
			);
			dependencies = (
				57E40A3F24867D7400FDB2D4 /* PBXTargetDependency */,
			);
			name = GameChallengeUITests;
			productName = GameChallengeUITests;
			productReference = 57E40A3D24867D7400FDB2D4 /* GameChallengeUITests.xctest */;
			productType = "com.apple.product-type.bundle.ui-testing";
		};
/* End PBXNativeTarget section */

/* Begin PBXProject section */
		57E40A1224867D7100FDB2D4 /* Project object */ = {
			isa = PBXProject;
			attributes = {
				LastSwiftUpdateCheck = 1150;
				LastUpgradeCheck = 1150;
				ORGANIZATIONNAME = Placeholder;
				TargetAttributes = {
					57E40A1924867D7100FDB2D4 = {
						CreatedOnToolsVersion = 11.5;
					};
					57E40A3124867D7400FDB2D4 = {
						CreatedOnToolsVersion = 11.5;
						TestTargetID = 57E40A1924867D7100FDB2D4;
					};
					57E40A3C24867D7400FDB2D4 = {
						CreatedOnToolsVersion = 11.5;
						TestTargetID = 57E40A1924867D7100FDB2D4;
					};
				};
			};
			buildConfigurationList = 57E40A1524867D7100FDB2D4 /* Build configuration list for PBXProject "GameChallenge" */;
			compatibilityVersion = "Xcode 9.3";
			developmentRegion = en;
			hasScannedForEncodings = 0;
			knownRegions = (
				en,
				Base,
			);
			mainGroup = 57E40A1124867D7100FDB2D4;
			productRefGroup = 57E40A1B24867D7100FDB2D4 /* Products */;
			projectDirPath = "";
			projectRoot = "";
			targets = (
				57E40A1924867D7100FDB2D4 /* GameChallenge */,
				57E40A3124867D7400FDB2D4 /* GameChallengeTests */,
				57E40A3C24867D7400FDB2D4 /* GameChallengeUITests */,
			);
		};
/* End PBXProject section */

/* Begin PBXResourcesBuildPhase section */
		57E40A1824867D7100FDB2D4 /* Resources */ = {
			isa = PBXResourcesBuildPhase;
			buildActionMask = 2147483647;
			files = (
				0F57C47124877AF8008AE753 /* GameScene.sks in Resources */,
				0F57C47524877B13008AE753 /* Main.storyboard in Resources */,
				57E40A2824867D7300FDB2D4 /* Assets.xcassets in Resources */,
				0F57C47324877B07008AE753 /* Actions.sks in Resources */,
			);
			runOnlyForDeploymentPostprocessing = 0;
		};
		57E40A3024867D7400FDB2D4 /* Resources */ = {
			isa = PBXResourcesBuildPhase;
			buildActionMask = 2147483647;
			files = (
			);
			runOnlyForDeploymentPostprocessing = 0;
		};
		57E40A3B24867D7400FDB2D4 /* Resources */ = {
			isa = PBXResourcesBuildPhase;
			buildActionMask = 2147483647;
			files = (
			);
			runOnlyForDeploymentPostprocessing = 0;
		};
/* End PBXResourcesBuildPhase section */

/* Begin PBXSourcesBuildPhase section */
		57E40A1624867D7100FDB2D4 /* Sources */ = {
			isa = PBXSourcesBuildPhase;
			buildActionMask = 2147483647;
			files = (
				0F57C47D24877E21008AE753 /* Cenario.swift in Sources */,
				0F57C47724877DC7008AE753 /* Personagem.swift in Sources */,
				0F57C47B24877E0C008AE753 /* GameData.swift in Sources */,
				0F57C47924877DF0008AE753 /* Obstaculos.swift in Sources */,
				0F57C46D24877AC0008AE753 /* GameScene.swift in Sources */,
				0F57C46F24877AE6008AE753 /* ViewController.swift in Sources */,
				57E40A1E24867D7100FDB2D4 /* AppDelegate.swift in Sources */,
			);
			runOnlyForDeploymentPostprocessing = 0;
		};
		57E40A2E24867D7400FDB2D4 /* Sources */ = {
			isa = PBXSourcesBuildPhase;
			buildActionMask = 2147483647;
			files = (
				57E40A3724867D7400FDB2D4 /* GameChallengeTests.swift in Sources */,
			);
			runOnlyForDeploymentPostprocessing = 0;
		};
		57E40A3924867D7400FDB2D4 /* Sources */ = {
			isa = PBXSourcesBuildPhase;
			buildActionMask = 2147483647;
			files = (
				57E40A4224867D7400FDB2D4 /* GameChallengeUITests.swift in Sources */,
			);
			runOnlyForDeploymentPostprocessing = 0;
		};
/* End PBXSourcesBuildPhase section */

/* Begin PBXTargetDependency section */
		57E40A3424867D7400FDB2D4 /* PBXTargetDependency */ = {
			isa = PBXTargetDependency;
			target = 57E40A1924867D7100FDB2D4 /* GameChallenge */;
			targetProxy = 57E40A3324867D7400FDB2D4 /* PBXContainerItemProxy */;
		};
		57E40A3F24867D7400FDB2D4 /* PBXTargetDependency */ = {
			isa = PBXTargetDependency;
			target = 57E40A1924867D7100FDB2D4 /* GameChallenge */;
			targetProxy = 57E40A3E24867D7400FDB2D4 /* PBXContainerItemProxy */;
		};
/* End PBXTargetDependency section */

/* Begin XCBuildConfiguration section */
		57E40A4424867D7400FDB2D4 /* Debug */ = {
			isa = XCBuildConfiguration;
			buildSettings = {
				ALWAYS_SEARCH_USER_PATHS = NO;
				CLANG_ANALYZER_NONNULL = YES;
				CLANG_ANALYZER_NUMBER_OBJECT_CONVERSION = YES_AGGRESSIVE;
				CLANG_CXX_LANGUAGE_STANDARD = "gnu++14";
				CLANG_CXX_LIBRARY = "libc++";
				CLANG_ENABLE_MODULES = YES;
				CLANG_ENABLE_OBJC_ARC = YES;
				CLANG_ENABLE_OBJC_WEAK = YES;
				CLANG_WARN_BLOCK_CAPTURE_AUTORELEASING = YES;
				CLANG_WARN_BOOL_CONVERSION = YES;
				CLANG_WARN_COMMA = YES;
				CLANG_WARN_CONSTANT_CONVERSION = YES;
				CLANG_WARN_DEPRECATED_OBJC_IMPLEMENTATIONS = YES;
				CLANG_WARN_DIRECT_OBJC_ISA_USAGE = YES_ERROR;
				CLANG_WARN_DOCUMENTATION_COMMENTS = YES;
				CLANG_WARN_EMPTY_BODY = YES;
				CLANG_WARN_ENUM_CONVERSION = YES;
				CLANG_WARN_INFINITE_RECURSION = YES;
				CLANG_WARN_INT_CONVERSION = YES;
				CLANG_WARN_NON_LITERAL_NULL_CONVERSION = YES;
				CLANG_WARN_OBJC_IMPLICIT_RETAIN_SELF = YES;
				CLANG_WARN_OBJC_LITERAL_CONVERSION = YES;
				CLANG_WARN_OBJC_ROOT_CLASS = YES_ERROR;
				CLANG_WARN_RANGE_LOOP_ANALYSIS = YES;
				CLANG_WARN_STRICT_PROTOTYPES = YES;
				CLANG_WARN_SUSPICIOUS_MOVE = YES;
				CLANG_WARN_UNGUARDED_AVAILABILITY = YES_AGGRESSIVE;
				CLANG_WARN_UNREACHABLE_CODE = YES;
				CLANG_WARN__DUPLICATE_METHOD_MATCH = YES;
				COPY_PHASE_STRIP = NO;
				DEBUG_INFORMATION_FORMAT = dwarf;
				ENABLE_STRICT_OBJC_MSGSEND = YES;
				ENABLE_TESTABILITY = YES;
				GCC_C_LANGUAGE_STANDARD = gnu11;
				GCC_DYNAMIC_NO_PIC = NO;
				GCC_NO_COMMON_BLOCKS = YES;
				GCC_OPTIMIZATION_LEVEL = 0;
				GCC_PREPROCESSOR_DEFINITIONS = (
					"DEBUG=1",
					"$(inherited)",
				);
				GCC_WARN_64_TO_32_BIT_CONVERSION = YES;
				GCC_WARN_ABOUT_RETURN_TYPE = YES_ERROR;
				GCC_WARN_UNDECLARED_SELECTOR = YES;
				GCC_WARN_UNINITIALIZED_AUTOS = YES_AGGRESSIVE;
				GCC_WARN_UNUSED_FUNCTION = YES;
				GCC_WARN_UNUSED_VARIABLE = YES;
				MACOSX_DEPLOYMENT_TARGET = 10.15;
				MTL_ENABLE_DEBUG_INFO = INCLUDE_SOURCE;
				MTL_FAST_MATH = YES;
				ONLY_ACTIVE_ARCH = YES;
				SDKROOT = macosx;
				SWIFT_ACTIVE_COMPILATION_CONDITIONS = DEBUG;
				SWIFT_OPTIMIZATION_LEVEL = "-Onone";
			};
			name = Debug;
		};
		57E40A4524867D7400FDB2D4 /* Release */ = {
			isa = XCBuildConfiguration;
			buildSettings = {
				ALWAYS_SEARCH_USER_PATHS = NO;
				CLANG_ANALYZER_NONNULL = YES;
				CLANG_ANALYZER_NUMBER_OBJECT_CONVERSION = YES_AGGRESSIVE;
				CLANG_CXX_LANGUAGE_STANDARD = "gnu++14";
				CLANG_CXX_LIBRARY = "libc++";
				CLANG_ENABLE_MODULES = YES;
				CLANG_ENABLE_OBJC_ARC = YES;
				CLANG_ENABLE_OBJC_WEAK = YES;
				CLANG_WARN_BLOCK_CAPTURE_AUTORELEASING = YES;
				CLANG_WARN_BOOL_CONVERSION = YES;
				CLANG_WARN_COMMA = YES;
				CLANG_WARN_CONSTANT_CONVERSION = YES;
				CLANG_WARN_DEPRECATED_OBJC_IMPLEMENTATIONS = YES;
				CLANG_WARN_DIRECT_OBJC_ISA_USAGE = YES_ERROR;
				CLANG_WARN_DOCUMENTATION_COMMENTS = YES;
				CLANG_WARN_EMPTY_BODY = YES;
				CLANG_WARN_ENUM_CONVERSION = YES;
				CLANG_WARN_INFINITE_RECURSION = YES;
				CLANG_WARN_INT_CONVERSION = YES;
				CLANG_WARN_NON_LITERAL_NULL_CONVERSION = YES;
				CLANG_WARN_OBJC_IMPLICIT_RETAIN_SELF = YES;
				CLANG_WARN_OBJC_LITERAL_CONVERSION = YES;
				CLANG_WARN_OBJC_ROOT_CLASS = YES_ERROR;
				CLANG_WARN_RANGE_LOOP_ANALYSIS = YES;
				CLANG_WARN_STRICT_PROTOTYPES = YES;
				CLANG_WARN_SUSPICIOUS_MOVE = YES;
				CLANG_WARN_UNGUARDED_AVAILABILITY = YES_AGGRESSIVE;
				CLANG_WARN_UNREACHABLE_CODE = YES;
				CLANG_WARN__DUPLICATE_METHOD_MATCH = YES;
				COPY_PHASE_STRIP = NO;
				DEBUG_INFORMATION_FORMAT = "dwarf-with-dsym";
				ENABLE_NS_ASSERTIONS = NO;
				ENABLE_STRICT_OBJC_MSGSEND = YES;
				GCC_C_LANGUAGE_STANDARD = gnu11;
				GCC_NO_COMMON_BLOCKS = YES;
				GCC_WARN_64_TO_32_BIT_CONVERSION = YES;
				GCC_WARN_ABOUT_RETURN_TYPE = YES_ERROR;
				GCC_WARN_UNDECLARED_SELECTOR = YES;
				GCC_WARN_UNINITIALIZED_AUTOS = YES_AGGRESSIVE;
				GCC_WARN_UNUSED_FUNCTION = YES;
				GCC_WARN_UNUSED_VARIABLE = YES;
				MACOSX_DEPLOYMENT_TARGET = 10.15;
				MTL_ENABLE_DEBUG_INFO = NO;
				MTL_FAST_MATH = YES;
				SDKROOT = macosx;
				SWIFT_COMPILATION_MODE = wholemodule;
				SWIFT_OPTIMIZATION_LEVEL = "-O";
			};
			name = Release;
		};
		57E40A4724867D7400FDB2D4 /* Debug */ = {
			isa = XCBuildConfiguration;
			buildSettings = {
				ASSETCATALOG_COMPILER_APPICON_NAME = AppIcon;
				CODE_SIGN_ENTITLEMENTS = GameChallenge/GameChallenge.entitlements;
				CODE_SIGN_STYLE = Automatic;
				COMBINE_HIDPI_IMAGES = YES;
				INFOPLIST_FILE = GameChallenge/Info.plist;
				LD_RUNPATH_SEARCH_PATHS = (
					"$(inherited)",
					"@executable_path/../Frameworks",
				);
				PRODUCT_BUNDLE_IDENTIFIER = Placeholder.GameChallenge;
				PRODUCT_NAME = "$(TARGET_NAME)";
				SWIFT_VERSION = 5.0;
			};
			name = Debug;
		};
		57E40A4824867D7400FDB2D4 /* Release */ = {
			isa = XCBuildConfiguration;
			buildSettings = {
				ASSETCATALOG_COMPILER_APPICON_NAME = AppIcon;
				CODE_SIGN_ENTITLEMENTS = GameChallenge/GameChallenge.entitlements;
				CODE_SIGN_STYLE = Automatic;
				COMBINE_HIDPI_IMAGES = YES;
				INFOPLIST_FILE = GameChallenge/Info.plist;
				LD_RUNPATH_SEARCH_PATHS = (
					"$(inherited)",
					"@executable_path/../Frameworks",
				);
				PRODUCT_BUNDLE_IDENTIFIER = Placeholder.GameChallenge;
				PRODUCT_NAME = "$(TARGET_NAME)";
				SWIFT_VERSION = 5.0;
			};
			name = Release;
		};
		57E40A4A24867D7400FDB2D4 /* Debug */ = {
			isa = XCBuildConfiguration;
			buildSettings = {
				ALWAYS_EMBED_SWIFT_STANDARD_LIBRARIES = YES;
				BUNDLE_LOADER = "$(TEST_HOST)";
				CODE_SIGN_STYLE = Automatic;
				COMBINE_HIDPI_IMAGES = YES;
				INFOPLIST_FILE = GameChallengeTests/Info.plist;
				LD_RUNPATH_SEARCH_PATHS = (
					"$(inherited)",
					"@executable_path/../Frameworks",
					"@loader_path/../Frameworks",
				);
				MACOSX_DEPLOYMENT_TARGET = 10.15;
				PRODUCT_BUNDLE_IDENTIFIER = Placeholder.GameChallengeTests;
				PRODUCT_NAME = "$(TARGET_NAME)";
				SWIFT_VERSION = 5.0;
				TEST_HOST = "$(BUILT_PRODUCTS_DIR)/GameChallenge.app/Contents/MacOS/GameChallenge";
			};
			name = Debug;
		};
		57E40A4B24867D7400FDB2D4 /* Release */ = {
			isa = XCBuildConfiguration;
			buildSettings = {
				ALWAYS_EMBED_SWIFT_STANDARD_LIBRARIES = YES;
				BUNDLE_LOADER = "$(TEST_HOST)";
				CODE_SIGN_STYLE = Automatic;
				COMBINE_HIDPI_IMAGES = YES;
				INFOPLIST_FILE = GameChallengeTests/Info.plist;
				LD_RUNPATH_SEARCH_PATHS = (
					"$(inherited)",
					"@executable_path/../Frameworks",
					"@loader_path/../Frameworks",
				);
				MACOSX_DEPLOYMENT_TARGET = 10.15;
				PRODUCT_BUNDLE_IDENTIFIER = Placeholder.GameChallengeTests;
				PRODUCT_NAME = "$(TARGET_NAME)";
				SWIFT_VERSION = 5.0;
				TEST_HOST = "$(BUILT_PRODUCTS_DIR)/GameChallenge.app/Contents/MacOS/GameChallenge";
			};
			name = Release;
		};
		57E40A4D24867D7400FDB2D4 /* Debug */ = {
			isa = XCBuildConfiguration;
			buildSettings = {
				ALWAYS_EMBED_SWIFT_STANDARD_LIBRARIES = YES;
				CODE_SIGN_STYLE = Automatic;
				COMBINE_HIDPI_IMAGES = YES;
				INFOPLIST_FILE = GameChallengeUITests/Info.plist;
				LD_RUNPATH_SEARCH_PATHS = (
					"$(inherited)",
					"@executable_path/../Frameworks",
					"@loader_path/../Frameworks",
				);
				PRODUCT_BUNDLE_IDENTIFIER = Placeholder.GameChallengeUITests;
				PRODUCT_NAME = "$(TARGET_NAME)";
				SWIFT_VERSION = 5.0;
				TEST_TARGET_NAME = GameChallenge;
			};
			name = Debug;
		};
		57E40A4E24867D7400FDB2D4 /* Release */ = {
			isa = XCBuildConfiguration;
			buildSettings = {
				ALWAYS_EMBED_SWIFT_STANDARD_LIBRARIES = YES;
				CODE_SIGN_STYLE = Automatic;
				COMBINE_HIDPI_IMAGES = YES;
				INFOPLIST_FILE = GameChallengeUITests/Info.plist;
				LD_RUNPATH_SEARCH_PATHS = (
					"$(inherited)",
					"@executable_path/../Frameworks",
					"@loader_path/../Frameworks",
				);
				PRODUCT_BUNDLE_IDENTIFIER = Placeholder.GameChallengeUITests;
				PRODUCT_NAME = "$(TARGET_NAME)";
				SWIFT_VERSION = 5.0;
				TEST_TARGET_NAME = GameChallenge;
			};
			name = Release;
		};
/* End XCBuildConfiguration section */

/* Begin XCConfigurationList section */
		57E40A1524867D7100FDB2D4 /* Build configuration list for PBXProject "GameChallenge" */ = {
			isa = XCConfigurationList;
			buildConfigurations = (
				57E40A4424867D7400FDB2D4 /* Debug */,
				57E40A4524867D7400FDB2D4 /* Release */,
			);
			defaultConfigurationIsVisible = 0;
			defaultConfigurationName = Release;
		};
		57E40A4624867D7400FDB2D4 /* Build configuration list for PBXNativeTarget "GameChallenge" */ = {
			isa = XCConfigurationList;
			buildConfigurations = (
				57E40A4724867D7400FDB2D4 /* Debug */,
				57E40A4824867D7400FDB2D4 /* Release */,
			);
			defaultConfigurationIsVisible = 0;
			defaultConfigurationName = Release;
		};
		57E40A4924867D7400FDB2D4 /* Build configuration list for PBXNativeTarget "GameChallengeTests" */ = {
			isa = XCConfigurationList;
			buildConfigurations = (
				57E40A4A24867D7400FDB2D4 /* Debug */,
				57E40A4B24867D7400FDB2D4 /* Release */,
			);
			defaultConfigurationIsVisible = 0;
			defaultConfigurationName = Release;
		};
		57E40A4C24867D7400FDB2D4 /* Build configuration list for PBXNativeTarget "GameChallengeUITests" */ = {
			isa = XCConfigurationList;
			buildConfigurations = (
				57E40A4D24867D7400FDB2D4 /* Debug */,
				57E40A4E24867D7400FDB2D4 /* Release */,
			);
			defaultConfigurationIsVisible = 0;
			defaultConfigurationName = Release;
		};
/* End XCConfigurationList section */
	};
	rootObject = 57E40A1224867D7100FDB2D4 /* Project object */;
}
